<?xml version="1.0" encoding="utf-8"?>
<Project ToolsVersion="4.0" xmlns="http://schemas.microsoft.com/developer/msbuild/2003">
  <ItemGroup>
    <Filter Include="Source Files">
      <UniqueIdentifier>{4FC737F1-C7A5-4376-A066-2A32D752A2FF}</UniqueIdentifier>
      <Extensions>cpp;c;cc;cxx;def;odl;idl;hpj;bat;asm;asmx</Extensions>
    </Filter>
    <Filter Include="Header Files">
      <UniqueIdentifier>{93995380-89BD-4b04-88EB-625FBE52EBFB}</UniqueIdentifier>
      <Extensions>h;hh;hpp;hxx;hm;inl;inc;xsd</Extensions>
    </Filter>
    <Filter Include="Resource Files">
      <UniqueIdentifier>{67DA6AB6-F800-4c08-8B7A-83BB121AAD01}</UniqueIdentifier>
      <Extensions>rc;ico;cur;bmp;dlg;rc2;rct;bin;rgs;gif;jpg;jpeg;jpe;resx;tiff;tif;png;wav;mfcribbon-ms</Extensions>
    </Filter>
    <Filter Include="LED-Matrix">
      <UniqueIdentifier>{73868fab-e615-4ac8-80af-590ffecc162f}</UniqueIdentifier>
    </Filter>
  </ItemGroup>
  <ItemGroup>
    <ClCompile Include="LED-Test.cpp">
      <Filter>Source Files</Filter>
    </ClCompile>
    <ClCompile Include="DisplayManager.cpp">
      <Filter>Source Files</Filter>
    </ClCompile>
    <ClCompile Include="PixelMatrix.cpp">
      <Filter>Source Files</Filter>
    </ClCompile>
    <ClCompile Include="FontGenerator.cpp">
      <Filter>Source Files</Filter>
    </ClCompile>
    <ClCompile Include="LED-Matrix\gpio.cc">
      <Filter>LED-Matrix</Filter>
    </ClCompile>
    <ClCompile Include="LED-Matrix\led-matrix.cc">
      <Filter>LED-Matrix</Filter>
    </ClCompile>
    <ClCompile Include="LED-Matrix\thread.cc">
      <Filter>LED-Matrix</Filter>
    </ClCompile>
  </ItemGroup>
  <ItemGroup>
    <ClInclude Include="DisplayManager.h">
      <Filter>Header Files</Filter>
    </ClInclude>
    <ClInclude Include="PixelMatrix.h">
      <Filter>Header Files</Filter>
    </ClInclude>
    <ClInclude Include="FontGenerator.h">
      <Filter>Header Files</Filter>
    </ClInclude>
    <ClInclude Include="LED-Matrix\gpio.h">
      <Filter>LED-Matrix</Filter>
    </ClInclude>
    <ClInclude Include="LED-Matrix\led-matrix.h">
      <Filter>LED-Matrix</Filter>
    </ClInclude>
    <ClInclude Include="LED-Matrix\thread.h">
      <Filter>LED-Matrix</Filter>
    </ClInclude>
  </ItemGroup>
</Project>